
Microsoft Visual Studio Solution File, Format Version 12.00
# Visual Studio 15
VisualStudioVersion = 15.0.27004.2002
MinimumVisualStudioVersion = 10.0.40219.1
Project("{FAE04EC0-301F-11D3-BF4B-00C04F79EFBC}") = "BOM.Models", "BOM.Models\BOM.Models.csproj", "{C5019229-F764-44F4-A782-45570A0343D4}"
EndProject
Project("{FAE04EC0-301F-11D3-BF4B-00C04F79EFBC}") = "BOM.Logic", "BOM.Logic\BOM.Logic.csproj", "{6E666035-A452-403F-9C24-B8E63EDFA536}"
EndProject
Project("{FAE04EC0-301F-11D3-BF4B-00C04F79EFBC}") = "BOM.API", "BOM.API\BOM.API.csproj", "{683D046D-7CA2-4D09-93A8-885C02980A06}"
EndProject
Project("{FAE04EC0-301F-11D3-BF4B-00C04F79EFBC}") = "BOM.API.Tests", "BOM.API.Tests\BOM.API.Tests.csproj", "{A1C20DF3-2167-48C4-A4EB-8F85F1BCFC49}"
EndProject
Project("{FAE04EC0-301F-11D3-BF4B-00C04F79EFBC}") = "BOM.Logic.Contracts", "BOM.Logic.Contracts\BOM.Logic.Contracts.csproj", "{2EA92CDF-ABB7-4548-8B4A-E87CAD2CB9BD}"
EndProject
Global
	GlobalSection(SolutionConfigurationPlatforms) = preSolution
		Debug|Any CPU = Debug|Any CPU
		Release|Any CPU = Release|Any CPU
	EndGlobalSection
	GlobalSection(ProjectConfigurationPlatforms) = postSolution
		{C5019229-F764-44F4-A782-45570A0343D4}.Debug|Any CPU.ActiveCfg = Debug|Any CPU
		{C5019229-F764-44F4-A782-45570A0343D4}.Debug|Any CPU.Build.0 = Debug|Any CPU
		{C5019229-F764-44F4-A782-45570A0343D4}.Release|Any CPU.ActiveCfg = Release|Any CPU
		{C5019229-F764-44F4-A782-45570A0343D4}.Release|Any CPU.Build.0 = Release|Any CPU
		{6E666035-A452-403F-9C24-B8E63EDFA536}.Debug|Any CPU.ActiveCfg = Debug|Any CPU
		{6E666035-A452-403F-9C24-B8E63EDFA536}.Debug|Any CPU.Build.0 = Debug|Any CPU
		{6E666035-A452-403F-9C24-B8E63EDFA536}.Release|Any CPU.ActiveCfg = Release|Any CPU
		{6E666035-A452-403F-9C24-B8E63EDFA536}.Release|Any CPU.Build.0 = Release|Any CPU
		{683D046D-7CA2-4D09-93A8-885C02980A06}.Debug|Any CPU.ActiveCfg = Debug|Any CPU
		{683D046D-7CA2-4D09-93A8-885C02980A06}.Debug|Any CPU.Build.0 = Debug|Any CPU
		{683D046D-7CA2-4D09-93A8-885C02980A06}.Release|Any CPU.ActiveCfg = Release|Any CPU
		{683D046D-7CA2-4D09-93A8-885C02980A06}.Release|Any CPU.Build.0 = Release|Any CPU
		{A1C20DF3-2167-48C4-A4EB-8F85F1BCFC49}.Debug|Any CPU.ActiveCfg = Debug|Any CPU
		{A1C20DF3-2167-48C4-A4EB-8F85F1BCFC49}.Debug|Any CPU.Build.0 = Debug|Any CPU
		{A1C20DF3-2167-48C4-A4EB-8F85F1BCFC49}.Release|Any CPU.ActiveCfg = Release|Any CPU
		{A1C20DF3-2167-48C4-A4EB-8F85F1BCFC49}.Release|Any CPU.Build.0 = Release|Any CPU
		{2EA92CDF-ABB7-4548-8B4A-E87CAD2CB9BD}.Debug|Any CPU.ActiveCfg = Debug|Any CPU
		{2EA92CDF-ABB7-4548-8B4A-E87CAD2CB9BD}.Debug|Any CPU.Build.0 = Debug|Any CPU
		{2EA92CDF-ABB7-4548-8B4A-E87CAD2CB9BD}.Release|Any CPU.ActiveCfg = Release|Any CPU
		{2EA92CDF-ABB7-4548-8B4A-E87CAD2CB9BD}.Release|Any CPU.Build.0 = Release|Any CPU
	EndGlobalSection
	GlobalSection(SolutionProperties) = preSolution
		HideSolutionNode = FALSE
	EndGlobalSection
	GlobalSection(ExtensibilityGlobals) = postSolution
		SolutionGuid = {747FDDDE-E976-41B4-BFA4-F2A81FE7997F}
	EndGlobalSection
EndGlobal
